
Microsoft Visual Studio Solution File, Format Version 12.00
# Visual Studio Version 16
VisualStudioVersion = 16.0.31911.196
MinimumVisualStudioVersion = 10.0.40219.1
Project("{FAE04EC0-301F-11D3-BF4B-00C04F79EFBC}") = "MotionTesting.UWP", "MotionTesting\MotionTesting.UWP\MotionTesting.UWP.csproj", "{55E979FE-CB61-440A-9D39-B9A8458A6FC0}"
EndProject
Project("{FAE04EC0-301F-11D3-BF4B-00C04F79EFBC}") = "MotionTesting.Android", "MotionTesting\MotionTesting.Android\MotionTesting.Android.csproj", "{24C01992-080E-42D9-B78A-DDC542CBBB15}"
EndProject
Project("{FAE04EC0-301F-11D3-BF4B-00C04F79EFBC}") = "MotionTesting.iOS", "MotionTesting\MotionTesting.iOS\MotionTesting.iOS.csproj", "{D36CC103-53B7-4EF5-AFDC-EF0D20C81084}"
EndProject
Project("{FAE04EC0-301F-11D3-BF4B-00C04F79EFBC}") = "MotionTesting", "MotionTesting\MotionTesting\MotionTesting.csproj", "{5BB0B5E8-00AF-4DD1-BA92-DA9F71DF4A57}"
EndProject
Global
	GlobalSection(SolutionConfigurationPlatforms) = preSolution
		Debug|Any CPU = Debug|Any CPU
		Debug|ARM = Debug|ARM
		Debug|iPhone = Debug|iPhone
		Debug|iPhoneSimulator = Debug|iPhoneSimulator
		Debug|x64 = Debug|x64
		Debug|x86 = Debug|x86
		Release|Any CPU = Release|Any CPU
		Release|ARM = Release|ARM
		Release|iPhone = Release|iPhone
		Release|iPhoneSimulator = Release|iPhoneSimulator
		Release|x64 = Release|x64
		Release|x86 = Release|x86
	EndGlobalSection
	GlobalSection(ProjectConfigurationPlatforms) = postSolution
		{55E979FE-CB61-440A-9D39-B9A8458A6FC0}.Debug|Any CPU.ActiveCfg = Debug|x86
		{55E979FE-CB61-440A-9D39-B9A8458A6FC0}.Debug|Any CPU.Build.0 = Debug|x86
		{55E979FE-CB61-440A-9D39-B9A8458A6FC0}.Debug|Any CPU.Deploy.0 = Debug|x86
		{55E979FE-CB61-440A-9D39-B9A8458A6FC0}.Debug|ARM.ActiveCfg = Debug|ARM
		{55E979FE-CB61-440A-9D39-B9A8458A6FC0}.Debug|ARM.Build.0 = Debug|ARM
		{55E979FE-CB61-440A-9D39-B9A8458A6FC0}.Debug|ARM.Deploy.0 = Debug|ARM
		{55E979FE-CB61-440A-9D39-B9A8458A6FC0}.Debug|iPhone.ActiveCfg = Debug|x86
		{55E979FE-CB61-440A-9D39-B9A8458A6FC0}.Debug|iPhone.Build.0 = Debug|x86
		{55E979FE-CB61-440A-9D39-B9A8458A6FC0}.Debug|iPhone.Deploy.0 = Debug|x86
		{55E979FE-CB61-440A-9D39-B9A8458A6FC0}.Debug|iPhoneSimulator.ActiveCfg = Debug|x86
		{55E979FE-CB61-440A-9D39-B9A8458A6FC0}.Debug|iPhoneSimulator.Build.0 = Debug|x86
		{55E979FE-CB61-440A-9D39-B9A8458A6FC0}.Debug|iPhoneSimulator.Deploy.0 = Debug|x86
		{55E979FE-CB61-440A-9D39-B9A8458A6FC0}.Debug|x64.ActiveCfg = Debug|x64
		{55E979FE-CB61-440A-9D39-B9A8458A6FC0}.Debug|x64.Build.0 = Debug|x64
		{55E979FE-CB61-440A-9D39-B9A8458A6FC0}.Debug|x64.Deploy.0 = Debug|x64
		{55E979FE-CB61-440A-9D39-B9A8458A6FC0}.Debug|x86.ActiveCfg = Debug|x86
		{55E979FE-CB61-440A-9D39-B9A8458A6FC0}.Debug|x86.Build.0 = Debug|x86
		{55E979FE-CB61-440A-9D39-B9A8458A6FC0}.Debug|x86.Deploy.0 = Debug|x86
		{55E979FE-CB61-440A-9D39-B9A8458A6FC0}.Release|Any CPU.ActiveCfg = Release|x86
		{55E979FE-CB61-440A-9D39-B9A8458A6FC0}.Release|Any CPU.Build.0 = Release|x86
		{55E979FE-CB61-440A-9D39-B9A8458A6FC0}.Release|Any CPU.Deploy.0 = Release|x86
		{55E979FE-CB61-440A-9D39-B9A8458A6FC0}.Release|ARM.ActiveCfg = Release|ARM
		{55E979FE-CB61-440A-9D39-B9A8458A6FC0}.Release|ARM.Build.0 = Release|ARM
		{55E979FE-CB61-440A-9D39-B9A8458A6FC0}.Release|ARM.Deploy.0 = Release|ARM
		{55E979FE-CB61-440A-9D39-B9A8458A6FC0}.Release|iPhone.ActiveCfg = Release|x86
		{55E979FE-CB61-440A-9D39-B9A8458A6FC0}.Release|iPhone.Build.0 = Release|x86
		{55E979FE-CB61-440A-9D39-B9A8458A6FC0}.Release|iPhone.Deploy.0 = Release|x86
		{55E979FE-CB61-440A-9D39-B9A8458A6FC0}.Release|iPhoneSimulator.ActiveCfg = Release|x86
		{55E979FE-CB61-440A-9D39-B9A8458A6FC0}.Release|iPhoneSimulator.Build.0 = Release|x86
		{55E979FE-CB61-440A-9D39-B9A8458A6FC0}.Release|iPhoneSimulator.Deploy.0 = Release|x86
		{55E979FE-CB61-440A-9D39-B9A8458A6FC0}.Release|x64.ActiveCfg = Release|x64
		{55E979FE-CB61-440A-9D39-B9A8458A6FC0}.Release|x64.Build.0 = Release|x64
		{55E979FE-CB61-440A-9D39-B9A8458A6FC0}.Release|x64.Deploy.0 = Release|x64
		{55E979FE-CB61-440A-9D39-B9A8458A6FC0}.Release|x86.ActiveCfg = Release|x86
		{55E979FE-CB61-440A-9D39-B9A8458A6FC0}.Release|x86.Build.0 = Release|x86
		{55E979FE-CB61-440A-9D39-B9A8458A6FC0}.Release|x86.Deploy.0 = Release|x86
		{24C01992-080E-42D9-B78A-DDC542CBBB15}.Debug|Any CPU.ActiveCfg = Debug|Any CPU
		{24C01992-080E-42D9-B78A-DDC542CBBB15}.Debug|Any CPU.Build.0 = Debug|Any CPU
		{24C01992-080E-42D9-B78A-DDC542CBBB15}.Debug|Any CPU.Deploy.0 = Debug|Any CPU
		{24C01992-080E-42D9-B78A-DDC542CBBB15}.Debug|ARM.ActiveCfg = Debug|Any CPU
		{24C01992-080E-42D9-B78A-DDC542CBBB15}.Debug|ARM.Build.0 = Debug|Any CPU
		{24C01992-080E-42D9-B78A-DDC542CBBB15}.Debug|ARM.Deploy.0 = Debug|Any CPU
		{24C01992-080E-42D9-B78A-DDC542CBBB15}.Debug|iPhone.ActiveCfg = Debug|Any CPU
		{24C01992-080E-42D9-B78A-DDC542CBBB15}.Debug|iPhone.Build.0 = Debug|Any CPU
		{24C01992-080E-42D9-B78A-DDC542CBBB15}.Debug|iPhone.Deploy.0 = Debug|Any CPU
		{24C01992-080E-42D9-B78A-DDC542CBBB15}.Debug|iPhoneSimulator.ActiveCfg = Debug|Any CPU
		{24C01992-080E-42D9-B78A-DDC542CBBB15}.Debug|iPhoneSimulator.Build.0 = Debug|Any CPU
		{24C01992-080E-42D9-B78A-DDC542CBBB15}.Debug|iPhoneSimulator.Deploy.0 = Debug|Any CPU
		{24C01992-080E-42D9-B78A-DDC542CBBB15}.Debug|x64.ActiveCfg = Debug|Any CPU
		{24C01992-080E-42D9-B78A-DDC542CBBB15}.Debug|x64.Build.0 = Debug|Any CPU
		{24C01992-080E-42D9-B78A-DDC542CBBB15}.Debug|x64.Deploy.0 = Debug|Any CPU
		{24C01992-080E-42D9-B78A-DDC542CBBB15}.Debug|x86.ActiveCfg = Debug|Any CPU
		{24C01992-080E-42D9-B78A-DDC542CBBB15}.Debug|x86.Build.0 = Debug|Any CPU
		{24C01992-080E-42D9-B78A-DDC542CBBB15}.Debug|x86.Deploy.0 = Debug|Any CPU
		{24C01992-080E-42D9-B78A-DDC542CBBB15}.Release|Any CPU.ActiveCfg = Release|Any CPU
		{24C01992-080E-42D9-B78A-DDC542CBBB15}.Release|Any CPU.Build.0 = Release|Any CPU
		{24C01992-080E-42D9-B78A-DDC542CBBB15}.Release|Any CPU.Deploy.0 = Release|Any CPU
		{24C01992-080E-42D9-B78A-DDC542CBBB15}.Release|ARM.ActiveCfg = Release|Any CPU
		{24C01992-080E-42D9-B78A-DDC542CBBB15}.Release|ARM.Build.0 = Release|Any CPU
		{24C01992-080E-42D9-B78A-DDC542CBBB15}.Release|ARM.Deploy.0 = Release|Any CPU
		{24C01992-080E-42D9-B78A-DDC542CBBB15}.Release|iPhone.ActiveCfg = Release|Any CPU
		{24C01992-080E-42D9-B78A-DDC542CBBB15}.Release|iPhone.Build.0 = Release|Any CPU
		{24C01992-080E-42D9-B78A-DDC542CBBB15}.Release|iPhone.Deploy.0 = Release|Any CPU
		{24C01992-080E-42D9-B78A-DDC542CBBB15}.Release|iPhoneSimulator.ActiveCfg = Release|Any CPU
		{24C01992-080E-42D9-B78A-DDC542CBBB15}.Release|iPhoneSimulator.Build.0 = Release|Any CPU
		{24C01992-080E-42D9-B78A-DDC542CBBB15}.Release|iPhoneSimulator.Deploy.0 = Release|Any CPU
		{24C01992-080E-42D9-B78A-DDC542CBBB15}.Release|x64.ActiveCfg = Release|Any CPU
		{24C01992-080E-42D9-B78A-DDC542CBBB15}.Release|x64.Build.0 = Release|Any CPU
		{24C01992-080E-42D9-B78A-DDC542CBBB15}.Release|x64.Deploy.0 = Release|Any CPU
		{24C01992-080E-42D9-B78A-DDC542CBBB15}.Release|x86.ActiveCfg = Release|Any CPU
		{24C01992-080E-42D9-B78A-DDC542CBBB15}.Release|x86.Build.0 = Release|Any CPU
		{24C01992-080E-42D9-B78A-DDC542CBBB15}.Release|x86.Deploy.0 = Release|Any CPU
		{D36CC103-53B7-4EF5-AFDC-EF0D20C81084}.Debug|Any CPU.ActiveCfg = Debug|iPhoneSimulator
		{D36CC103-53B7-4EF5-AFDC-EF0D20C81084}.Debug|Any CPU.Build.0 = Debug|iPhoneSimulator
		{D36CC103-53B7-4EF5-AFDC-EF0D20C81084}.Debug|Any CPU.Deploy.0 = Debug|iPhoneSimulator
		{D36CC103-53B7-4EF5-AFDC-EF0D20C81084}.Debug|ARM.ActiveCfg = Debug|iPhone
		{D36CC103-53B7-4EF5-AFDC-EF0D20C81084}.Debug|ARM.Build.0 = Debug|iPhone
		{D36CC103-53B7-4EF5-AFDC-EF0D20C81084}.Debug|ARM.Deploy.0 = Debug|iPhone
		{D36CC103-53B7-4EF5-AFDC-EF0D20C81084}.Debug|iPhone.ActiveCfg = Debug|iPhone
		{D36CC103-53B7-4EF5-AFDC-EF0D20C81084}.Debug|iPhone.Build.0 = Debug|iPhone
		{D36CC103-53B7-4EF5-AFDC-EF0D20C81084}.Debug|iPhone.Deploy.0 = Debug|iPhone
		{D36CC103-53B7-4EF5-AFDC-EF0D20C81084}.Debug|iPhoneSimulator.ActiveCfg = Debug|iPhoneSimulator
		{D36CC103-53B7-4EF5-AFDC-EF0D20C81084}.Debug|iPhoneSimulator.Build.0 = Debug|iPhoneSimulator
		{D36CC103-53B7-4EF5-AFDC-EF0D20C81084}.Debug|iPhoneSimulator.Deploy.0 = Debug|iPhoneSimulator
		{D36CC103-53B7-4EF5-AFDC-EF0D20C81084}.Debug|x64.ActiveCfg = Debug|iPhoneSimulator
		{D36CC103-53B7-4EF5-AFDC-EF0D20C81084}.Debug|x64.Build.0 = Debug|iPhoneSimulator
		{D36CC103-53B7-4EF5-AFDC-EF0D20C81084}.Debug|x64.Deploy.0 = Debug|iPhoneSimulator
		{D36CC103-53B7-4EF5-AFDC-EF0D20C81084}.Debug|x86.ActiveCfg = Debug|iPhoneSimulator
		{D36CC103-53B7-4EF5-AFDC-EF0D20C81084}.Debug|x86.Build.0 = Debug|iPhoneSimulator
		{D36CC103-53B7-4EF5-AFDC-EF0D20C81084}.Debug|x86.Deploy.0 = Debug|iPhoneSimulator
		{D36CC103-53B7-4EF5-AFDC-EF0D20C81084}.Release|Any CPU.ActiveCfg = Release|iPhoneSimulator
		{D36CC103-53B7-4EF5-AFDC-EF0D20C81084}.Release|Any CPU.Build.0 = Release|iPhoneSimulator
		{D36CC103-53B7-4EF5-AFDC-EF0D20C81084}.Release|Any CPU.Deploy.0 = Release|iPhoneSimulator
		{D36CC103-53B7-4EF5-AFDC-EF0D20C81084}.Release|ARM.ActiveCfg = Release|iPhoneSimulator
		{D36CC103-53B7-4EF5-AFDC-EF0D20C81084}.Release|ARM.Build.0 = Release|iPhoneSimulator
		{D36CC103-53B7-4EF5-AFDC-EF0D20C81084}.Release|ARM.Deploy.0 = Release|iPhoneSimulator
		{D36CC103-53B7-4EF5-AFDC-EF0D20C81084}.Release|iPhone.ActiveCfg = Release|iPhone
		{D36CC103-53B7-4EF5-AFDC-EF0D20C81084}.Release|iPhone.Build.0 = Release|iPhone
		{D36CC103-53B7-4EF5-AFDC-EF0D20C81084}.Release|iPhone.Deploy.0 = Release|iPhone
		{D36CC103-53B7-4EF5-AFDC-EF0D20C81084}.Release|iPhoneSimulator.ActiveCfg = Release|iPhoneSimulator
		{D36CC103-53B7-4EF5-AFDC-EF0D20C81084}.Release|iPhoneSimulator.Build.0 = Release|iPhoneSimulator
		{D36CC103-53B7-4EF5-AFDC-EF0D20C81084}.Release|iPhoneSimulator.Deploy.0 = Release|iPhoneSimulator
		{D36CC103-53B7-4EF5-AFDC-EF0D20C81084}.Release|x64.ActiveCfg = Release|iPhoneSimulator
		{D36CC103-53B7-4EF5-AFDC-EF0D20C81084}.Release|x64.Build.0 = Release|iPhoneSimulator
		{D36CC103-53B7-4EF5-AFDC-EF0D20C81084}.Release|x64.Deploy.0 = Release|iPhoneSimulator
		{D36CC103-53B7-4EF5-AFDC-EF0D20C81084}.Release|x86.ActiveCfg = Release|iPhoneSimulator
		{D36CC103-53B7-4EF5-AFDC-EF0D20C81084}.Release|x86.Build.0 = Release|iPhoneSimulator
		{D36CC103-53B7-4EF5-AFDC-EF0D20C81084}.Release|x86.Deploy.0 = Release|iPhoneSimulator
		{5BB0B5E8-00AF-4DD1-BA92-DA9F71DF4A57}.Debug|Any CPU.ActiveCfg = Debug|Any CPU
		{5BB0B5E8-00AF-4DD1-BA92-DA9F71DF4A57}.Debug|Any CPU.Build.0 = Debug|Any CPU
		{5BB0B5E8-00AF-4DD1-BA92-DA9F71DF4A57}.Debug|Any CPU.Deploy.0 = Debug|Any CPU
		{5BB0B5E8-00AF-4DD1-BA92-DA9F71DF4A57}.Debug|ARM.ActiveCfg = Debug|Any CPU
		{5BB0B5E8-00AF-4DD1-BA92-DA9F71DF4A57}.Debug|ARM.Build.0 = Debug|Any CPU
		{5BB0B5E8-00AF-4DD1-BA92-DA9F71DF4A57}.Debug|ARM.Deploy.0 = Debug|Any CPU
		{5BB0B5E8-00AF-4DD1-BA92-DA9F71DF4A57}.Debug|iPhone.ActiveCfg = Debug|Any CPU
		{5BB0B5E8-00AF-4DD1-BA92-DA9F71DF4A57}.Debug|iPhone.Build.0 = Debug|Any CPU
		{5BB0B5E8-00AF-4DD1-BA92-DA9F71DF4A57}.Debug|iPhone.Deploy.0 = Debug|Any CPU
		{5BB0B5E8-00AF-4DD1-BA92-DA9F71DF4A57}.Debug|iPhoneSimulator.ActiveCfg = Debug|Any CPU
		{5BB0B5E8-00AF-4DD1-BA92-DA9F71DF4A57}.Debug|iPhoneSimulator.Build.0 = Debug|Any CPU
		{5BB0B5E8-00AF-4DD1-BA92-DA9F71DF4A57}.Debug|iPhoneSimulator.Deploy.0 = Debug|Any CPU
		{5BB0B5E8-00AF-4DD1-BA92-DA9F71DF4A57}.Debug|x64.ActiveCfg = Debug|Any CPU
		{5BB0B5E8-00AF-4DD1-BA92-DA9F71DF4A57}.Debug|x64.Build.0 = Debug|Any CPU
		{5BB0B5E8-00AF-4DD1-BA92-DA9F71DF4A57}.Debug|x64.Deploy.0 = Debug|Any CPU
		{5BB0B5E8-00AF-4DD1-BA92-DA9F71DF4A57}.Debug|x86.ActiveCfg = Debug|Any CPU
		{5BB0B5E8-00AF-4DD1-BA92-DA9F71DF4A57}.Debug|x86.Build.0 = Debug|Any CPU
		{5BB0B5E8-00AF-4DD1-BA92-DA9F71DF4A57}.Debug|x86.Deploy.0 = Debug|Any CPU
		{5BB0B5E8-00AF-4DD1-BA92-DA9F71DF4A57}.Release|Any CPU.ActiveCfg = Release|Any CPU
		{5BB0B5E8-00AF-4DD1-BA92-DA9F71DF4A57}.Release|Any CPU.Build.0 = Release|Any CPU
		{5BB0B5E8-00AF-4DD1-BA92-DA9F71DF4A57}.Release|Any CPU.Deploy.0 = Release|Any CPU
		{5BB0B5E8-00AF-4DD1-BA92-DA9F71DF4A57}.Release|ARM.ActiveCfg = Release|Any CPU
		{5BB0B5E8-00AF-4DD1-BA92-DA9F71DF4A57}.Release|ARM.Build.0 = Release|Any CPU
		{5BB0B5E8-00AF-4DD1-BA92-DA9F71DF4A57}.Release|ARM.Deploy.0 = Release|Any CPU
		{5BB0B5E8-00AF-4DD1-BA92-DA9F71DF4A57}.Release|iPhone.ActiveCfg = Release|Any CPU
		{5BB0B5E8-00AF-4DD1-BA92-DA9F71DF4A57}.Release|iPhone.Build.0 = Release|Any CPU
		{5BB0B5E8-00AF-4DD1-BA92-DA9F71DF4A57}.Release|iPhone.Deploy.0 = Release|Any CPU
		{5BB0B5E8-00AF-4DD1-BA92-DA9F71DF4A57}.Release|iPhoneSimulator.ActiveCfg = Release|Any CPU
		{5BB0B5E8-00AF-4DD1-BA92-DA9F71DF4A57}.Release|iPhoneSimulator.Build.0 = Release|Any CPU
		{5BB0B5E8-00AF-4DD1-BA92-DA9F71DF4A57}.Release|iPhoneSimulator.Deploy.0 = Release|Any CPU
		{5BB0B5E8-00AF-4DD1-BA92-DA9F71DF4A57}.Release|x64.ActiveCfg = Release|Any CPU
		{5BB0B5E8-00AF-4DD1-BA92-DA9F71DF4A57}.Release|x64.Build.0 = Release|Any CPU
		{5BB0B5E8-00AF-4DD1-BA92-DA9F71DF4A57}.Release|x64.Deploy.0 = Release|Any CPU
		{5BB0B5E8-00AF-4DD1-BA92-DA9F71DF4A57}.Release|x86.ActiveCfg = Release|Any CPU
		{5BB0B5E8-00AF-4DD1-BA92-DA9F71DF4A57}.Release|x86.Build.0 = Release|Any CPU
		{5BB0B5E8-00AF-4DD1-BA92-DA9F71DF4A57}.Release|x86.Deploy.0 = Release|Any CPU
	EndGlobalSection
	GlobalSection(SolutionProperties) = preSolution
		HideSolutionNode = FALSE
	EndGlobalSection
	GlobalSection(ExtensibilityGlobals) = postSolution
		SolutionGuid = {26343D93-4A21-42AF-AA8F-C02B5F51EDAB}
	EndGlobalSection
EndGlobal
